
Microsoft Visual Studio Solution File, Format Version 12.00
# Visual Studio 15
VisualStudioVersion = 15.0.27130.2026
MinimumVisualStudioVersion = 10.0.40219.1
Project("{FAE04EC0-301F-11D3-BF4B-00C04F79EFBC}") = "NW.AL.Android", "NW.AL\NW.AL.Android\NW.AL.Android.csproj", "{DD909DFE-47C4-44C2-894F-64ABB3BA1F40}"
EndProject
Project("{FAE04EC0-301F-11D3-BF4B-00C04F79EFBC}") = "NW.AL.iOS", "NW.AL\NW.AL.iOS\NW.AL.iOS.csproj", "{B3B05ACD-2FDE-48CB-AA4F-3518C35A9AC2}"
EndProject
Project("{9A19103F-16F7-4668-BE54-9A1E7A4F7556}") = "NW.AL", "NW.AL\NW.AL\NW.AL.csproj", "{812C6A9A-FB73-4730-8266-94BBECFF0C1B}"
EndProject
Global
	GlobalSection(SolutionConfigurationPlatforms) = preSolution
		Ad-Hoc|Any CPU = Ad-Hoc|Any CPU
		Ad-Hoc|iPhone = Ad-Hoc|iPhone
		Ad-Hoc|iPhoneSimulator = Ad-Hoc|iPhoneSimulator
		AppStore|Any CPU = AppStore|Any CPU
		AppStore|iPhone = AppStore|iPhone
		AppStore|iPhoneSimulator = AppStore|iPhoneSimulator
		Debug|Any CPU = Debug|Any CPU
		Debug|iPhone = Debug|iPhone
		Debug|iPhoneSimulator = Debug|iPhoneSimulator
		Release|Any CPU = Release|Any CPU
		Release|iPhone = Release|iPhone
		Release|iPhoneSimulator = Release|iPhoneSimulator
	EndGlobalSection
	GlobalSection(ProjectConfigurationPlatforms) = postSolution
		{DD909DFE-47C4-44C2-894F-64ABB3BA1F40}.Ad-Hoc|Any CPU.ActiveCfg = Release|Any CPU
		{DD909DFE-47C4-44C2-894F-64ABB3BA1F40}.Ad-Hoc|Any CPU.Build.0 = Release|Any CPU
		{DD909DFE-47C4-44C2-894F-64ABB3BA1F40}.Ad-Hoc|Any CPU.Deploy.0 = Release|Any CPU
		{DD909DFE-47C4-44C2-894F-64ABB3BA1F40}.Ad-Hoc|iPhone.ActiveCfg = Release|Any CPU
		{DD909DFE-47C4-44C2-894F-64ABB3BA1F40}.Ad-Hoc|iPhone.Build.0 = Release|Any CPU
		{DD909DFE-47C4-44C2-894F-64ABB3BA1F40}.Ad-Hoc|iPhone.Deploy.0 = Release|Any CPU
		{DD909DFE-47C4-44C2-894F-64ABB3BA1F40}.Ad-Hoc|iPhoneSimulator.ActiveCfg = Release|Any CPU
		{DD909DFE-47C4-44C2-894F-64ABB3BA1F40}.Ad-Hoc|iPhoneSimulator.Build.0 = Release|Any CPU
		{DD909DFE-47C4-44C2-894F-64ABB3BA1F40}.Ad-Hoc|iPhoneSimulator.Deploy.0 = Release|Any CPU
		{DD909DFE-47C4-44C2-894F-64ABB3BA1F40}.AppStore|Any CPU.ActiveCfg = Release|Any CPU
		{DD909DFE-47C4-44C2-894F-64ABB3BA1F40}.AppStore|Any CPU.Build.0 = Release|Any CPU
		{DD909DFE-47C4-44C2-894F-64ABB3BA1F40}.AppStore|Any CPU.Deploy.0 = Release|Any CPU
		{DD909DFE-47C4-44C2-894F-64ABB3BA1F40}.AppStore|iPhone.ActiveCfg = Release|Any CPU
		{DD909DFE-47C4-44C2-894F-64ABB3BA1F40}.AppStore|iPhone.Build.0 = Release|Any CPU
		{DD909DFE-47C4-44C2-894F-64ABB3BA1F40}.AppStore|iPhone.Deploy.0 = Release|Any CPU
		{DD909DFE-47C4-44C2-894F-64ABB3BA1F40}.AppStore|iPhoneSimulator.ActiveCfg = Release|Any CPU
		{DD909DFE-47C4-44C2-894F-64ABB3BA1F40}.AppStore|iPhoneSimulator.Build.0 = Release|Any CPU
		{DD909DFE-47C4-44C2-894F-64ABB3BA1F40}.AppStore|iPhoneSimulator.Deploy.0 = Release|Any CPU
		{DD909DFE-47C4-44C2-894F-64ABB3BA1F40}.Debug|Any CPU.ActiveCfg = Debug|Any CPU
		{DD909DFE-47C4-44C2-894F-64ABB3BA1F40}.Debug|Any CPU.Build.0 = Debug|Any CPU
		{DD909DFE-47C4-44C2-894F-64ABB3BA1F40}.Debug|Any CPU.Deploy.0 = Debug|Any CPU
		{DD909DFE-47C4-44C2-894F-64ABB3BA1F40}.Debug|iPhone.ActiveCfg = Debug|Any CPU
		{DD909DFE-47C4-44C2-894F-64ABB3BA1F40}.Debug|iPhone.Build.0 = Debug|Any CPU
		{DD909DFE-47C4-44C2-894F-64ABB3BA1F40}.Debug|iPhone.Deploy.0 = Debug|Any CPU
		{DD909DFE-47C4-44C2-894F-64ABB3BA1F40}.Debug|iPhoneSimulator.ActiveCfg = Debug|Any CPU
		{DD909DFE-47C4-44C2-894F-64ABB3BA1F40}.Debug|iPhoneSimulator.Build.0 = Debug|Any CPU
		{DD909DFE-47C4-44C2-894F-64ABB3BA1F40}.Debug|iPhoneSimulator.Deploy.0 = Debug|Any CPU
		{DD909DFE-47C4-44C2-894F-64ABB3BA1F40}.Release|Any CPU.ActiveCfg = Release|Any CPU
		{DD909DFE-47C4-44C2-894F-64ABB3BA1F40}.Release|Any CPU.Build.0 = Release|Any CPU
		{DD909DFE-47C4-44C2-894F-64ABB3BA1F40}.Release|Any CPU.Deploy.0 = Release|Any CPU
		{DD909DFE-47C4-44C2-894F-64ABB3BA1F40}.Release|iPhone.ActiveCfg = Release|Any CPU
		{DD909DFE-47C4-44C2-894F-64ABB3BA1F40}.Release|iPhone.Build.0 = Release|Any CPU
		{DD909DFE-47C4-44C2-894F-64ABB3BA1F40}.Release|iPhone.Deploy.0 = Release|Any CPU
		{DD909DFE-47C4-44C2-894F-64ABB3BA1F40}.Release|iPhoneSimulator.ActiveCfg = Release|Any CPU
		{DD909DFE-47C4-44C2-894F-64ABB3BA1F40}.Release|iPhoneSimulator.Build.0 = Release|Any CPU
		{DD909DFE-47C4-44C2-894F-64ABB3BA1F40}.Release|iPhoneSimulator.Deploy.0 = Release|Any CPU
		{B3B05ACD-2FDE-48CB-AA4F-3518C35A9AC2}.Ad-Hoc|Any CPU.ActiveCfg = Ad-Hoc|iPhone
		{B3B05ACD-2FDE-48CB-AA4F-3518C35A9AC2}.Ad-Hoc|iPhone.ActiveCfg = Ad-Hoc|iPhone
		{B3B05ACD-2FDE-48CB-AA4F-3518C35A9AC2}.Ad-Hoc|iPhone.Build.0 = Ad-Hoc|iPhone
		{B3B05ACD-2FDE-48CB-AA4F-3518C35A9AC2}.Ad-Hoc|iPhoneSimulator.ActiveCfg = Ad-Hoc|iPhoneSimulator
		{B3B05ACD-2FDE-48CB-AA4F-3518C35A9AC2}.Ad-Hoc|iPhoneSimulator.Build.0 = Ad-Hoc|iPhoneSimulator
		{B3B05ACD-2FDE-48CB-AA4F-3518C35A9AC2}.AppStore|Any CPU.ActiveCfg = AppStore|iPhone
		{B3B05ACD-2FDE-48CB-AA4F-3518C35A9AC2}.AppStore|iPhone.ActiveCfg = AppStore|iPhone
		{B3B05ACD-2FDE-48CB-AA4F-3518C35A9AC2}.AppStore|iPhone.Build.0 = AppStore|iPhone
		{B3B05ACD-2FDE-48CB-AA4F-3518C35A9AC2}.AppStore|iPhoneSimulator.ActiveCfg = AppStore|iPhoneSimulator
		{B3B05ACD-2FDE-48CB-AA4F-3518C35A9AC2}.AppStore|iPhoneSimulator.Build.0 = AppStore|iPhoneSimulator
		{B3B05ACD-2FDE-48CB-AA4F-3518C35A9AC2}.Debug|Any CPU.ActiveCfg = Debug|iPhone
		{B3B05ACD-2FDE-48CB-AA4F-3518C35A9AC2}.Debug|Any CPU.Build.0 = Debug|iPhone
		{B3B05ACD-2FDE-48CB-AA4F-3518C35A9AC2}.Debug|iPhone.ActiveCfg = Debug|iPhone
		{B3B05ACD-2FDE-48CB-AA4F-3518C35A9AC2}.Debug|iPhone.Build.0 = Debug|iPhone
		{B3B05ACD-2FDE-48CB-AA4F-3518C35A9AC2}.Debug|iPhoneSimulator.ActiveCfg = Debug|iPhoneSimulator
		{B3B05ACD-2FDE-48CB-AA4F-3518C35A9AC2}.Debug|iPhoneSimulator.Build.0 = Debug|iPhoneSimulator
		{B3B05ACD-2FDE-48CB-AA4F-3518C35A9AC2}.Release|Any CPU.ActiveCfg = Release|iPhone
		{B3B05ACD-2FDE-48CB-AA4F-3518C35A9AC2}.Release|iPhone.ActiveCfg = Release|iPhone
		{B3B05ACD-2FDE-48CB-AA4F-3518C35A9AC2}.Release|iPhone.Build.0 = Release|iPhone
		{B3B05ACD-2FDE-48CB-AA4F-3518C35A9AC2}.Release|iPhoneSimulator.ActiveCfg = Release|iPhoneSimulator
		{B3B05ACD-2FDE-48CB-AA4F-3518C35A9AC2}.Release|iPhoneSimulator.Build.0 = Release|iPhoneSimulator
		{812C6A9A-FB73-4730-8266-94BBECFF0C1B}.Ad-Hoc|Any CPU.ActiveCfg = Debug|Any CPU
		{812C6A9A-FB73-4730-8266-94BBECFF0C1B}.Ad-Hoc|Any CPU.Build.0 = Debug|Any CPU
		{812C6A9A-FB73-4730-8266-94BBECFF0C1B}.Ad-Hoc|iPhone.ActiveCfg = Debug|Any CPU
		{812C6A9A-FB73-4730-8266-94BBECFF0C1B}.Ad-Hoc|iPhone.Build.0 = Debug|Any CPU
		{812C6A9A-FB73-4730-8266-94BBECFF0C1B}.Ad-Hoc|iPhoneSimulator.ActiveCfg = Debug|Any CPU
		{812C6A9A-FB73-4730-8266-94BBECFF0C1B}.Ad-Hoc|iPhoneSimulator.Build.0 = Debug|Any CPU
		{812C6A9A-FB73-4730-8266-94BBECFF0C1B}.AppStore|Any CPU.ActiveCfg = Debug|Any CPU
		{812C6A9A-FB73-4730-8266-94BBECFF0C1B}.AppStore|Any CPU.Build.0 = Debug|Any CPU
		{812C6A9A-FB73-4730-8266-94BBECFF0C1B}.AppStore|iPhone.ActiveCfg = Debug|Any CPU
		{812C6A9A-FB73-4730-8266-94BBECFF0C1B}.AppStore|iPhone.Build.0 = Debug|Any CPU
		{812C6A9A-FB73-4730-8266-94BBECFF0C1B}.AppStore|iPhoneSimulator.ActiveCfg = Debug|Any CPU
		{812C6A9A-FB73-4730-8266-94BBECFF0C1B}.AppStore|iPhoneSimulator.Build.0 = Debug|Any CPU
		{812C6A9A-FB73-4730-8266-94BBECFF0C1B}.Debug|Any CPU.ActiveCfg = Debug|Any CPU
		{812C6A9A-FB73-4730-8266-94BBECFF0C1B}.Debug|Any CPU.Build.0 = Debug|Any CPU
		{812C6A9A-FB73-4730-8266-94BBECFF0C1B}.Debug|iPhone.ActiveCfg = Debug|Any CPU
		{812C6A9A-FB73-4730-8266-94BBECFF0C1B}.Debug|iPhone.Build.0 = Debug|Any CPU
		{812C6A9A-FB73-4730-8266-94BBECFF0C1B}.Debug|iPhoneSimulator.ActiveCfg = Debug|Any CPU
		{812C6A9A-FB73-4730-8266-94BBECFF0C1B}.Debug|iPhoneSimulator.Build.0 = Debug|Any CPU
		{812C6A9A-FB73-4730-8266-94BBECFF0C1B}.Release|Any CPU.ActiveCfg = Release|Any CPU
		{812C6A9A-FB73-4730-8266-94BBECFF0C1B}.Release|Any CPU.Build.0 = Release|Any CPU
		{812C6A9A-FB73-4730-8266-94BBECFF0C1B}.Release|iPhone.ActiveCfg = Release|Any CPU
		{812C6A9A-FB73-4730-8266-94BBECFF0C1B}.Release|iPhone.Build.0 = Release|Any CPU
		{812C6A9A-FB73-4730-8266-94BBECFF0C1B}.Release|iPhoneSimulator.ActiveCfg = Release|Any CPU
		{812C6A9A-FB73-4730-8266-94BBECFF0C1B}.Release|iPhoneSimulator.Build.0 = Release|Any CPU
	EndGlobalSection
	GlobalSection(SolutionProperties) = preSolution
		HideSolutionNode = FALSE
	EndGlobalSection
	GlobalSection(ExtensibilityGlobals) = postSolution
		SolutionGuid = {6661430A-C48A-4256-8BF4-8ABEA0D0187E}
	EndGlobalSection
EndGlobal
